
Microsoft Visual Studio Solution File, Format Version 12.00
# Visual Studio Version 16
VisualStudioVersion = 16.0.29905.134
MinimumVisualStudioVersion = 10.0.40219.1
Project("{FAE04EC0-301F-11D3-BF4B-00C04F79EFBC}") = "ContactListAppReactMVC", "ReactTrainingAssignment2-MVC\ContactListAppReactMVC.csproj", "{7416AAAC-2293-40A2-AAF8-2BA0DB6A0943}"
EndProject
Global
	GlobalSection(SolutionConfigurationPlatforms) = preSolution
		Debug|Any CPU = Debug|Any CPU
		Release|Any CPU = Release|Any CPU
	EndGlobalSection
	GlobalSection(ProjectConfigurationPlatforms) = postSolution
		{7416AAAC-2293-40A2-AAF8-2BA0DB6A0943}.Debug|Any CPU.ActiveCfg = Debug|Any CPU
		{7416AAAC-2293-40A2-AAF8-2BA0DB6A0943}.Debug|Any CPU.Build.0 = Debug|Any CPU
		{7416AAAC-2293-40A2-AAF8-2BA0DB6A0943}.Release|Any CPU.ActiveCfg = Release|Any CPU
		{7416AAAC-2293-40A2-AAF8-2BA0DB6A0943}.Release|Any CPU.Build.0 = Release|Any CPU
	EndGlobalSection
	GlobalSection(SolutionProperties) = preSolution
		HideSolutionNode = FALSE
	EndGlobalSection
	GlobalSection(ExtensibilityGlobals) = postSolution
		SolutionGuid = {685E4C5F-E747-41B2-84AF-C1B203E8E025}
	EndGlobalSection
EndGlobal
